
Microsoft Visual Studio Solution File, Format Version 12.00
# Visual Studio Version 17
VisualStudioVersion = 17.14.36310.24
MinimumVisualStudioVersion = 10.0.40219.1
Project("{2150E333-8FDC-42A3-9474-1A3956D46DE8}") = "src", "src", "{02EA681E-C7D8-13C7-8484-4AC65E1B71E8}"
EndProject
Project("{2150E333-8FDC-42A3-9474-1A3956D46DE8}") = "test", "test", "{EDCFA871-A7FC-4688-A9FA-890F32BB9670}"
EndProject
Project("{FAE04EC0-301F-11D3-BF4B-00C04F79EFBC}") = "Shop.API", "src\Shop.API\Shop.API.csproj", "{A2F08203-2D22-9877-B910-64DAF06F66B9}"
EndProject
Project("{FAE04EC0-301F-11D3-BF4B-00C04F79EFBC}") = "Shop.BasketDomain", "src\Shop.BasketDomain\Shop.BasketDomain.csproj", "{FB01F753-E2A6-5D32-956F-FC9A2594C619}"
EndProject
Project("{FAE04EC0-301F-11D3-BF4B-00C04F79EFBC}") = "Shop.ProductDomain", "src\Shop.ProductDomain\Shop.ProductDomain.csproj", "{0776EBE8-C090-F05A-B59B-D8042DDF6833}"
EndProject
Project("{FAE04EC0-301F-11D3-BF4B-00C04F79EFBC}") = "Shop.BasketDomain.Tests", "test\Shop.BasketDomain.Tests\Shop.BasketDomain.Tests.csproj", "{DF5CB035-C2ED-005C-6CA3-214F53EE9348}"
EndProject
Project("{FAE04EC0-301F-11D3-BF4B-00C04F79EFBC}") = "Shop.ProductDomain.Tests", "test\Shop.ProductDomain.Tests\Shop.ProductDomain.Tests.csproj", "{730CF4DE-6B48-B8D7-B0BC-D195F4B78AB0}"
EndProject
Project("{FAE04EC0-301F-11D3-BF4B-00C04F79EFBC}") = "Shop.ShippingDomain", "src\Shop.ShippingDomain\Shop.ShippingDomain.csproj", "{23ECA543-2412-86A8-BA2C-67ED8DA30BC2}"
EndProject
Project("{FAE04EC0-301F-11D3-BF4B-00C04F79EFBC}") = "Shop.ShippingDomain.Tests", "test\Shop.ShippingDomain.Tests\Shop.ShippingDomain.Tests.csproj", "{5D6D27C6-9330-E277-783D-2FC245EF3398}"
EndProject
Global
	GlobalSection(SolutionConfigurationPlatforms) = preSolution
		Debug|Any CPU = Debug|Any CPU
		Release|Any CPU = Release|Any CPU
	EndGlobalSection
	GlobalSection(ProjectConfigurationPlatforms) = postSolution
		{A2F08203-2D22-9877-B910-64DAF06F66B9}.Debug|Any CPU.ActiveCfg = Debug|Any CPU
		{A2F08203-2D22-9877-B910-64DAF06F66B9}.Debug|Any CPU.Build.0 = Debug|Any CPU
		{A2F08203-2D22-9877-B910-64DAF06F66B9}.Release|Any CPU.ActiveCfg = Release|Any CPU
		{A2F08203-2D22-9877-B910-64DAF06F66B9}.Release|Any CPU.Build.0 = Release|Any CPU
		{FB01F753-E2A6-5D32-956F-FC9A2594C619}.Debug|Any CPU.ActiveCfg = Debug|Any CPU
		{FB01F753-E2A6-5D32-956F-FC9A2594C619}.Debug|Any CPU.Build.0 = Debug|Any CPU
		{FB01F753-E2A6-5D32-956F-FC9A2594C619}.Release|Any CPU.ActiveCfg = Release|Any CPU
		{FB01F753-E2A6-5D32-956F-FC9A2594C619}.Release|Any CPU.Build.0 = Release|Any CPU
		{0776EBE8-C090-F05A-B59B-D8042DDF6833}.Debug|Any CPU.ActiveCfg = Debug|Any CPU
		{0776EBE8-C090-F05A-B59B-D8042DDF6833}.Debug|Any CPU.Build.0 = Debug|Any CPU
		{0776EBE8-C090-F05A-B59B-D8042DDF6833}.Release|Any CPU.ActiveCfg = Release|Any CPU
		{0776EBE8-C090-F05A-B59B-D8042DDF6833}.Release|Any CPU.Build.0 = Release|Any CPU
		{DF5CB035-C2ED-005C-6CA3-214F53EE9348}.Debug|Any CPU.ActiveCfg = Debug|Any CPU
		{DF5CB035-C2ED-005C-6CA3-214F53EE9348}.Debug|Any CPU.Build.0 = Debug|Any CPU
		{DF5CB035-C2ED-005C-6CA3-214F53EE9348}.Release|Any CPU.ActiveCfg = Release|Any CPU
		{DF5CB035-C2ED-005C-6CA3-214F53EE9348}.Release|Any CPU.Build.0 = Release|Any CPU
		{730CF4DE-6B48-B8D7-B0BC-D195F4B78AB0}.Debug|Any CPU.ActiveCfg = Debug|Any CPU
		{730CF4DE-6B48-B8D7-B0BC-D195F4B78AB0}.Debug|Any CPU.Build.0 = Debug|Any CPU
		{730CF4DE-6B48-B8D7-B0BC-D195F4B78AB0}.Release|Any CPU.ActiveCfg = Release|Any CPU
		{730CF4DE-6B48-B8D7-B0BC-D195F4B78AB0}.Release|Any CPU.Build.0 = Release|Any CPU
		{23ECA543-2412-86A8-BA2C-67ED8DA30BC2}.Debug|Any CPU.ActiveCfg = Debug|Any CPU
		{23ECA543-2412-86A8-BA2C-67ED8DA30BC2}.Debug|Any CPU.Build.0 = Debug|Any CPU
		{23ECA543-2412-86A8-BA2C-67ED8DA30BC2}.Release|Any CPU.ActiveCfg = Release|Any CPU
		{23ECA543-2412-86A8-BA2C-67ED8DA30BC2}.Release|Any CPU.Build.0 = Release|Any CPU
		{5D6D27C6-9330-E277-783D-2FC245EF3398}.Debug|Any CPU.ActiveCfg = Debug|Any CPU
		{5D6D27C6-9330-E277-783D-2FC245EF3398}.Debug|Any CPU.Build.0 = Debug|Any CPU
		{5D6D27C6-9330-E277-783D-2FC245EF3398}.Release|Any CPU.ActiveCfg = Release|Any CPU
		{5D6D27C6-9330-E277-783D-2FC245EF3398}.Release|Any CPU.Build.0 = Release|Any CPU
	EndGlobalSection
	GlobalSection(SolutionProperties) = preSolution
		HideSolutionNode = FALSE
	EndGlobalSection
	GlobalSection(NestedProjects) = preSolution
		{A2F08203-2D22-9877-B910-64DAF06F66B9} = {02EA681E-C7D8-13C7-8484-4AC65E1B71E8}
		{FB01F753-E2A6-5D32-956F-FC9A2594C619} = {02EA681E-C7D8-13C7-8484-4AC65E1B71E8}
		{0776EBE8-C090-F05A-B59B-D8042DDF6833} = {02EA681E-C7D8-13C7-8484-4AC65E1B71E8}
		{DF5CB035-C2ED-005C-6CA3-214F53EE9348} = {EDCFA871-A7FC-4688-A9FA-890F32BB9670}
		{730CF4DE-6B48-B8D7-B0BC-D195F4B78AB0} = {EDCFA871-A7FC-4688-A9FA-890F32BB9670}
		{23ECA543-2412-86A8-BA2C-67ED8DA30BC2} = {02EA681E-C7D8-13C7-8484-4AC65E1B71E8}
		{5D6D27C6-9330-E277-783D-2FC245EF3398} = {EDCFA871-A7FC-4688-A9FA-890F32BB9670}
	EndGlobalSection
	GlobalSection(ExtensibilityGlobals) = postSolution
		SolutionGuid = {BAFF56A0-AA81-4735-BB10-AC98405EAAFE}
	EndGlobalSection
EndGlobal
